
Microsoft Visual Studio Solution File, Format Version 12.00
# Visual Studio Version 16
VisualStudioVersion = 16.0.31105.61
MinimumVisualStudioVersion = 10.0.40219.1
Project("{FAE04EC0-301F-11D3-BF4B-00C04F79EFBC}") = "Evidence_Angular", "Evidence_Angular\Evidence_Angular.csproj", "{9ACBA461-BE51-4FB3-AA8A-FC7851DCD969}"
EndProject
Global
	GlobalSection(SolutionConfigurationPlatforms) = preSolution
		Debug|Any CPU = Debug|Any CPU
		Release|Any CPU = Release|Any CPU
	EndGlobalSection
	GlobalSection(ProjectConfigurationPlatforms) = postSolution
		{9ACBA461-BE51-4FB3-AA8A-FC7851DCD969}.Debug|Any CPU.ActiveCfg = Debug|Any CPU
		{9ACBA461-BE51-4FB3-AA8A-FC7851DCD969}.Debug|Any CPU.Build.0 = Debug|Any CPU
		{9ACBA461-BE51-4FB3-AA8A-FC7851DCD969}.Release|Any CPU.ActiveCfg = Release|Any CPU
		{9ACBA461-BE51-4FB3-AA8A-FC7851DCD969}.Release|Any CPU.Build.0 = Release|Any CPU
	EndGlobalSection
	GlobalSection(SolutionProperties) = preSolution
		HideSolutionNode = FALSE
	EndGlobalSection
	GlobalSection(ExtensibilityGlobals) = postSolution
		SolutionGuid = {7E4A52F2-49CF-441F-A7A2-5A5A8FACF313}
	EndGlobalSection
EndGlobal
